{
  "name": "grunt-cli",
  "version": "1.2.0",
  "lockfileVersion": 1,
  "requires": true,
  "dependencies": {
    "findup-sync": {
      "version": "0.3.0",
      "requires": {
        "glob": "~5.0.0"
      },
      "dependencies": {
        "glob": {
          "version": "5.0.15",
          "requires": {
            "inflight": "^1.0.4",
            "inherits": "2",
            "minimatch": "2 || 3",
            "path-is-absolute": "^1.0.0"
          },
          "dependencies": {
            "inflight": {
              "version": "1.0.6",
              "requires": {
                "once": "^1.3.0"
              },
              "dependencies": {
                "once": {
                  "version": "1.4.0",
                  "requires": {
                    "wrappy": "1"
                  },
                  "dependencies": {
                    "wrappy": {
                      "version": "1.0.2"
                    }
                  }
                }
              }
            },
            "inherits": {
              "version": "2.0.4"
            },
            "minimatch": {
              "version": "3.0.4",
              "requires": {
                "brace-expansion": "^1.1.7"
              },
              "dependencies": {
                "brace-expansion": {
                  "version": "1.1.11",
                  "requires": {
                    "balanced-match": "^1.0.0",
                    "concat-map": "0.0.1"
                  },
                  "dependencies": {
                    "balanced-match": {
                      "version": "1.0.0"
                    },
                    "concat-map": {
                      "version": "0.0.1"
                    }
                  }
                }
              }
            },
            "path-is-absolute": {
              "version": "1.0.1"
            }
          }
        }
      }
    },
    "grunt-known-options": {
      "version": "1.1.1"
    },
    "nopt": {
      "version": "3.0.6",
      "requires": {
        "abbrev": "1"
      },
      "dependencies": {
        "abbrev": {
          "version": "1.1.1"
        }
      }
    },
    "resolve": {
      "version": "1.1.7"
    }
  }
}
